
Microsoft Visual Studio Solution File, Format Version 12.00
# Visual Studio Version 16
VisualStudioVersion = 16.0.33801.447
MinimumVisualStudioVersion = 10.0.40219.1
Project("{8BC9CEB8-8B4A-11D0-8D11-00A0C91BC942}") = "CLASS CHALLENGE SUBMISSION ASSIGNMENT", "CLASS CHALLENGE SUBMISSION ASSIGNMENT\CLASS CHALLENGE SUBMISSION ASSIGNMENT.vcxproj", "{583E2E91-A72C-4F21-B063-368BA4DEB4AC}"
EndProject
Global
	GlobalSection(SolutionConfigurationPlatforms) = preSolution
		Debug|x64 = Debug|x64
		Debug|x86 = Debug|x86
		Release|x64 = Release|x64
		Release|x86 = Release|x86
	EndGlobalSection
	GlobalSection(ProjectConfigurationPlatforms) = postSolution
		{583E2E91-A72C-4F21-B063-368BA4DEB4AC}.Debug|x64.ActiveCfg = Debug|x64
		{583E2E91-A72C-4F21-B063-368BA4DEB4AC}.Debug|x64.Build.0 = Debug|x64
		{583E2E91-A72C-4F21-B063-368BA4DEB4AC}.Debug|x86.ActiveCfg = Debug|Win32
		{583E2E91-A72C-4F21-B063-368BA4DEB4AC}.Debug|x86.Build.0 = Debug|Win32
		{583E2E91-A72C-4F21-B063-368BA4DEB4AC}.Release|x64.ActiveCfg = Release|x64
		{583E2E91-A72C-4F21-B063-368BA4DEB4AC}.Release|x64.Build.0 = Release|x64
		{583E2E91-A72C-4F21-B063-368BA4DEB4AC}.Release|x86.ActiveCfg = Release|Win32
		{583E2E91-A72C-4F21-B063-368BA4DEB4AC}.Release|x86.Build.0 = Release|Win32
	EndGlobalSection
	GlobalSection(SolutionProperties) = preSolution
		HideSolutionNode = FALSE
	EndGlobalSection
	GlobalSection(ExtensibilityGlobals) = postSolution
		SolutionGuid = {A2BFFBAE-FBAB-40A6-AAF7-F576C2E6C662}
	EndGlobalSection
EndGlobal
